
Microsoft Visual Studio Solution File, Format Version 12.00
# Visual Studio Version 17
VisualStudioVersion = 17.10.35013.160
MinimumVisualStudioVersion = 10.0.40219.1
Project("{FAE04EC0-301F-11D3-BF4B-00C04F79EFBC}") = "HBAcademy", "HBAcademy.csproj", "{6A7B0B3B-ADC5-451D-8AC2-A6284A47ED15}"
EndProject
Global
	GlobalSection(SolutionConfigurationPlatforms) = preSolution
		Debug|Any CPU = Debug|Any CPU
		Release|Any CPU = Release|Any CPU
	EndGlobalSection
	GlobalSection(ProjectConfigurationPlatforms) = postSolution
		{6A7B0B3B-ADC5-451D-8AC2-A6284A47ED15}.Debug|Any CPU.ActiveCfg = Debug|Any CPU
		{6A7B0B3B-ADC5-451D-8AC2-A6284A47ED15}.Debug|Any CPU.Build.0 = Debug|Any CPU
		{6A7B0B3B-ADC5-451D-8AC2-A6284A47ED15}.Release|Any CPU.ActiveCfg = Release|Any CPU
		{6A7B0B3B-ADC5-451D-8AC2-A6284A47ED15}.Release|Any CPU.Build.0 = Release|Any CPU
	EndGlobalSection
	GlobalSection(SolutionProperties) = preSolution
		HideSolutionNode = FALSE
	EndGlobalSection
	GlobalSection(ExtensibilityGlobals) = postSolution
		SolutionGuid = {2CBEB936-EBEE-4352-A8C9-71E47CF7952E}
	EndGlobalSection
EndGlobal
